
Microsoft Visual Studio Solution File, Format Version 12.00
# Visual Studio 14
VisualStudioVersion = 14.0.25420.1
MinimumVisualStudioVersion = 10.0.40219.1
Project("{F184B08F-C81C-45F6-A57F-5ABD9991F28F}") = "GCA.ServiceLayer", "GCA.ServiceLayer\GCA.ServiceLayer.vbproj", "{BF467B16-8D15-4917-B06B-1BBEE0D07F5C}"
EndProject
Project("{F184B08F-C81C-45F6-A57F-5ABD9991F28F}") = "GCA.Domain", "GCA.Domain\GCA.Domain.vbproj", "{1835687A-2EB9-4308-95F7-57DC713D977C}"
EndProject
Project("{F184B08F-C81C-45F6-A57F-5ABD9991F28F}") = "CGA.DataAccess", "CGA.DataAccess\CGA.DataAccess.vbproj", "{88B04BAF-05F7-4C6B-978E-7AC65A0EED9E}"
EndProject
Project("{F184B08F-C81C-45F6-A57F-5ABD9991F28F}") = "GCA.SPV.UserInterface", "GCA.SPV.UserInterface\GCA.SPV.UserInterface.vbproj", "{728DCF18-62FB-4CD8-8C48-310F9AB4DF87}"
EndProject
Project("{F184B08F-C81C-45F6-A57F-5ABD9991F28F}") = "GCA.OFI.UserInterface", "GCA.OFI.UserInterface\GCA.OFI.UserInterface.vbproj", "{48BA7786-A10E-4AC1-A22F-B0B256A73525}"
EndProject
Project("{F184B08F-C81C-45F6-A57F-5ABD9991F28F}") = "GCA.IDX.UserInterface", "GCA.IDX.UserInterface\GCA.IDX.UserInterface.vbproj", "{B070F205-C7EA-4F49-9607-E5DD216982B9}"
EndProject
Global
	GlobalSection(SolutionConfigurationPlatforms) = preSolution
		Debug|Any CPU = Debug|Any CPU
		Release|Any CPU = Release|Any CPU
	EndGlobalSection
	GlobalSection(ProjectConfigurationPlatforms) = postSolution
		{BF467B16-8D15-4917-B06B-1BBEE0D07F5C}.Debug|Any CPU.ActiveCfg = Debug|Any CPU
		{BF467B16-8D15-4917-B06B-1BBEE0D07F5C}.Debug|Any CPU.Build.0 = Debug|Any CPU
		{BF467B16-8D15-4917-B06B-1BBEE0D07F5C}.Release|Any CPU.ActiveCfg = Release|Any CPU
		{BF467B16-8D15-4917-B06B-1BBEE0D07F5C}.Release|Any CPU.Build.0 = Release|Any CPU
		{1835687A-2EB9-4308-95F7-57DC713D977C}.Debug|Any CPU.ActiveCfg = Debug|Any CPU
		{1835687A-2EB9-4308-95F7-57DC713D977C}.Debug|Any CPU.Build.0 = Debug|Any CPU
		{1835687A-2EB9-4308-95F7-57DC713D977C}.Release|Any CPU.ActiveCfg = Release|Any CPU
		{1835687A-2EB9-4308-95F7-57DC713D977C}.Release|Any CPU.Build.0 = Release|Any CPU
		{88B04BAF-05F7-4C6B-978E-7AC65A0EED9E}.Debug|Any CPU.ActiveCfg = Debug|Any CPU
		{88B04BAF-05F7-4C6B-978E-7AC65A0EED9E}.Debug|Any CPU.Build.0 = Debug|Any CPU
		{88B04BAF-05F7-4C6B-978E-7AC65A0EED9E}.Release|Any CPU.ActiveCfg = Release|Any CPU
		{88B04BAF-05F7-4C6B-978E-7AC65A0EED9E}.Release|Any CPU.Build.0 = Release|Any CPU
		{728DCF18-62FB-4CD8-8C48-310F9AB4DF87}.Debug|Any CPU.ActiveCfg = Debug|Any CPU
		{728DCF18-62FB-4CD8-8C48-310F9AB4DF87}.Debug|Any CPU.Build.0 = Debug|Any CPU
		{728DCF18-62FB-4CD8-8C48-310F9AB4DF87}.Release|Any CPU.ActiveCfg = Release|Any CPU
		{728DCF18-62FB-4CD8-8C48-310F9AB4DF87}.Release|Any CPU.Build.0 = Release|Any CPU
		{48BA7786-A10E-4AC1-A22F-B0B256A73525}.Debug|Any CPU.ActiveCfg = Debug|Any CPU
		{48BA7786-A10E-4AC1-A22F-B0B256A73525}.Debug|Any CPU.Build.0 = Debug|Any CPU
		{48BA7786-A10E-4AC1-A22F-B0B256A73525}.Release|Any CPU.ActiveCfg = Release|Any CPU
		{48BA7786-A10E-4AC1-A22F-B0B256A73525}.Release|Any CPU.Build.0 = Release|Any CPU
		{B070F205-C7EA-4F49-9607-E5DD216982B9}.Debug|Any CPU.ActiveCfg = Debug|Any CPU
		{B070F205-C7EA-4F49-9607-E5DD216982B9}.Debug|Any CPU.Build.0 = Debug|Any CPU
		{B070F205-C7EA-4F49-9607-E5DD216982B9}.Release|Any CPU.ActiveCfg = Release|Any CPU
		{B070F205-C7EA-4F49-9607-E5DD216982B9}.Release|Any CPU.Build.0 = Release|Any CPU
	EndGlobalSection
	GlobalSection(SolutionProperties) = preSolution
		HideSolutionNode = FALSE
	EndGlobalSection
EndGlobal
